{
  "version": 4,
  "terraform_version": "1.6.6",
  "serial": 33,
  "lineage": "499f5267-a531-7225-3fe8-b881585bc703",
  "outputs": {},
  "resources": [
    {
      "mode": "managed",
      "type": "google_compute_global_address",
      "name": "project_ip",
      "provider": "provider[\"registry.terraform.io/hashicorp/google\"]",
      "instances": [
        {
          "schema_version": 0,
          "attributes": {
            "address": "34.36.142.20",
            "address_type": "EXTERNAL",
            "creation_timestamp": "2024-01-11T04:55:45.555-08:00",
            "description": "",
            "id": "projects/go-course-project-409711/global/addresses/project-ip",
            "ip_version": "",
            "name": "project-ip",
            "network": "",
            "prefix_length": 0,
            "project": "go-course-project-409711",
            "purpose": "",
            "self_link": "https://www.googleapis.com/compute/v1/projects/go-course-project-409711/global/addresses/project-ip",
            "timeouts": null
          },
          "sensitive_attributes": [],
          "private": "eyJlMmJmYjczMC1lY2FhLTExZTYtOGY4OC0zNDM2M2JjN2M0YzAiOnsiY3JlYXRlIjoxMjAwMDAwMDAwMDAwLCJkZWxldGUiOjEyMDAwMDAwMDAwMDB9fQ=="
        }
      ]
    },
    {
      "mode": "managed",
      "type": "google_dns_managed_zone",
      "name": "projectsv_org",
      "provider": "provider[\"registry.terraform.io/hashicorp/google\"]",
      "instances": [
        {
          "schema_version": 0,
          "attributes": {
            "cloud_logging_config": [
              {
                "enable_logging": false
              }
            ],
            "creation_time": "2024-01-11T18:05:44.870Z",
            "description": "DNS zone for domain: projectsv.org",
            "dns_name": "projectsv.org.",
            "dnssec_config": [],
            "effective_labels": {},
            "force_destroy": false,
            "forwarding_config": [],
            "id": "projects/go-course-project-409711/managedZones/projectsv-org",
            "labels": {},
            "managed_zone_id": 9000492733488201467,
            "name": "projectsv-org",
            "name_servers": [
              "ns-cloud-d1.googledomains.com.",
              "ns-cloud-d2.googledomains.com.",
              "ns-cloud-d3.googledomains.com.",
              "ns-cloud-d4.googledomains.com."
            ],
            "peering_config": [],
            "private_visibility_config": [],
            "project": "go-course-project-409711",
            "terraform_labels": {},
            "timeouts": null,
            "visibility": "public"
          },
          "sensitive_attributes": [],
          "private": "eyJlMmJmYjczMC1lY2FhLTExZTYtOGY4OC0zNDM2M2JjN2M0YzAiOnsiY3JlYXRlIjoxMjAwMDAwMDAwMDAwLCJkZWxldGUiOjEyMDAwMDAwMDAwMDAsInVwZGF0ZSI6MTIwMDAwMDAwMDAwMH19"
        }
      ]
    },
    {
      "mode": "managed",
      "type": "google_dns_record_set",
      "name": "frontend",
      "provider": "provider[\"registry.terraform.io/hashicorp/google\"]",
      "instances": [
        {
          "schema_version": 0,
          "attributes": {
            "id": "projects/go-course-project-409711/managedZones/projectsv-org/rrsets/online-store.projectsv.org./A",
            "managed_zone": "projectsv-org",
            "name": "online-store.projectsv.org.",
            "project": "go-course-project-409711",
            "routing_policy": [],
            "rrdatas": [
              "34.36.142.20"
            ],
            "ttl": 300,
            "type": "A"
          },
          "sensitive_attributes": [],
          "private": "bnVsbA==",
          "dependencies": [
            "google_compute_global_address.project_ip",
            "google_dns_managed_zone.projectsv_org"
          ]
        }
      ]
    },
    {
      "mode": "managed",
      "type": "google_project_iam_member",
      "name": "cloud_sql_proxy_permission",
      "provider": "provider[\"registry.terraform.io/hashicorp/google\"]",
      "instances": [
        {
          "schema_version": 0,
          "attributes": {
            "condition": [],
            "etag": "BwYOqvrXnUw=",
            "id": "go-course-project-409711/roles/cloudsql.client/serviceAccount:cloud-sql-proxy@go-course-project-409711.iam.gserviceaccount.com",
            "member": "serviceAccount:cloud-sql-proxy@go-course-project-409711.iam.gserviceaccount.com",
            "project": "go-course-project-409711",
            "role": "roles/cloudsql.client"
          },
          "sensitive_attributes": [],
          "private": "bnVsbA==",
          "dependencies": [
            "google_service_account.cloud_sql_proxy"
          ]
        }
      ]
    },
    {
      "mode": "managed",
      "type": "google_service_account",
      "name": "cloud_sql_proxy",
      "provider": "provider[\"registry.terraform.io/hashicorp/google\"]",
      "instances": [
        {
          "schema_version": 0,
          "attributes": {
            "account_id": "cloud-sql-proxy",
            "description": "",
            "disabled": false,
            "display_name": "cloud-sql-proxy",
            "email": "cloud-sql-proxy@go-course-project-409711.iam.gserviceaccount.com",
            "id": "projects/go-course-project-409711/serviceAccounts/cloud-sql-proxy@go-course-project-409711.iam.gserviceaccount.com",
            "member": "serviceAccount:cloud-sql-proxy@go-course-project-409711.iam.gserviceaccount.com",
            "name": "projects/go-course-project-409711/serviceAccounts/cloud-sql-proxy@go-course-project-409711.iam.gserviceaccount.com",
            "project": "go-course-project-409711",
            "timeouts": null,
            "unique_id": "105083708588164428467"
          },
          "sensitive_attributes": [],
          "private": "eyJlMmJmYjczMC1lY2FhLTExZTYtOGY4OC0zNDM2M2JjN2M0YzAiOnsiY3JlYXRlIjozMDAwMDAwMDAwMDB9fQ=="
        }
      ]
    },
    {
      "mode": "managed",
      "type": "google_sql_database_instance",
      "name": "postgres_db",
      "provider": "provider[\"registry.terraform.io/hashicorp/google\"]",
      "instances": [
        {
          "schema_version": 0,
          "attributes": {
            "available_maintenance_versions": [],
            "clone": [],
            "connection_name": "go-course-project-409711:europe-central2:postgres-db",
            "database_version": "POSTGRES_15",
            "deletion_protection": true,
            "dns_name": "",
            "encryption_key_name": null,
            "first_ip_address": "34.118.60.183",
            "id": "postgres-db",
            "instance_type": "CLOUD_SQL_INSTANCE",
            "ip_address": [
              {
                "ip_address": "34.118.60.183",
                "time_to_retire": "",
                "type": "PRIMARY"
              },
              {
                "ip_address": "34.116.253.225",
                "time_to_retire": "",
                "type": "OUTGOING"
              }
            ],
            "maintenance_version": "POSTGRES_15_4.R20230830.01_07",
            "master_instance_name": "",
            "name": "postgres-db",
            "private_ip_address": "",
            "project": "go-course-project-409711",
            "psc_service_attachment_link": "",
            "public_ip_address": "34.118.60.183",
            "region": "europe-central2",
            "replica_configuration": [],
            "restore_backup_context": [],
            "root_password": null,
            "self_link": "https://sqladmin.googleapis.com/sql/v1beta4/projects/go-course-project-409711/instances/postgres-db",
            "server_ca_cert": [
              {
                "cert": "-----BEGIN CERTIFICATE-----\nMIIDfzCCAmegAwIBAgIBADANBgkqhkiG9w0BAQsFADB3MS0wKwYDVQQuEyRlMjNi\nYzkyNS05ZjdhLTRlZDItOGUzNi0zNzJjN2E0OTk2YTcxIzAhBgNVBAMTGkdvb2ds\nZSBDbG91ZCBTUUwgU2VydmVyIENBMRQwEgYDVQQKEwtHb29nbGUsIEluYzELMAkG\nA1UEBhMCVVMwHhcNMjQwMTExMTI0MDIwWhcNMzQwMTA4MTI0MTIwWjB3MS0wKwYD\nVQQuEyRlMjNiYzkyNS05ZjdhLTRlZDItOGUzNi0zNzJjN2E0OTk2YTcxIzAhBgNV\nBAMTGkdvb2dsZSBDbG91ZCBTUUwgU2VydmVyIENBMRQwEgYDVQQKEwtHb29nbGUs\nIEluYzELMAkGA1UEBhMCVVMwggEiMA0GCSqGSIb3DQEBAQUAA4IBDwAwggEKAoIB\nAQDIhEWei9ejwbZXDsuuKC7RHZPuBzmfy4EXLXoP9DTvIfB++wrlZR68Y6Tr7Mua\n5UiBjy8ZCEmprscSxV7sg66vyEWROgWAZgPAQXuW9kVPXbNooFlmUXWqW/twSzyJ\nlrzlf1OB2tg9nZaJViq1W/OsteszdvzkWKKGil1lppA36pfxqltQS/R0Rv//nUqO\nm9Nrv+jJayGQJskZbQDPzCrlS3EAV43x542y42WLJpUrsURoaxLGyyIY+0CGnJAZ\nbdnZmpKnjiFSXFmolYvyWYtpG4auKlPAq9fxIfRPumhYF2Xy2iqfUvllvt1zmrW8\nn//qe/+OEEceazLFmw+BTyabAgMBAAGjFjAUMBIGA1UdEwEB/wQIMAYBAf8CAQAw\nDQYJKoZIhvcNAQELBQADggEBAFRZ1WvYmD9t3Oc6vjYCCmUJ67nUrDnj2/T4ohSy\n32YTms252wiQVzw4WS9i0FCnBRK+/6wURp4n5+Z6SHGNnRn3WSU9bMmtjpdWJkMy\nClDnCcAvW2FCnYWA+byojAqfDtFg9dopjZg8bFm/TkyUX+u5Riu5KQ/1ZmgXH8DG\nZfr+YgqQ/1FKU2dTmwP4wGha+C0JLftJv1nyKJ+TfLZ0VCbVQ2hxZ2GoO+4SDwkY\niacdJLL6kJ9O9ev2A5eC+yBL14XdrJZ5zfZdhLqUCm2Hxg96KLDPQLZUi8ii3MFe\nbijGF5ZSQKRwDHV74KIA9Gn2aLz0+DB2/TxAmLokJWwyJ68=\n-----END CERTIFICATE-----",
                "common_name": "C=US,O=Google\\, Inc,CN=Google Cloud SQL Server CA,dnQualifier=e23bc925-9f7a-4ed2-8e36-372c7a4996a7",
                "create_time": "2024-01-11T12:40:20.142Z",
                "expiration_time": "2034-01-08T12:41:20.142Z",
                "sha1_fingerprint": "44231abdba75b44a0f0a18993ce3a4e1f74ad5b9"
              }
            ],
            "service_account_email_address": "p18725992034-mqw4sg@gcp-sa-cloud-sql.iam.gserviceaccount.com",
            "settings": [
              {
                "activation_policy": "ALWAYS",
                "active_directory_config": [],
                "advanced_machine_features": [],
                "availability_type": "ZONAL",
                "backup_configuration": [
                  {
                    "backup_retention_settings": [
                      {
                        "retained_backups": 7,
                        "retention_unit": "COUNT"
                      }
                    ],
                    "binary_log_enabled": false,
                    "enabled": true,
                    "location": "europe-central2",
                    "point_in_time_recovery_enabled": false,
                    "start_time": "10:00",
                    "transaction_log_retention_days": 7
                  }
                ],
                "collation": "",
                "connector_enforcement": "NOT_REQUIRED",
                "data_cache_config": [],
                "database_flags": [],
                "deletion_protection_enabled": false,
                "deny_maintenance_period": [],
                "disk_autoresize": false,
                "disk_autoresize_limit": 0,
                "disk_size": 10,
                "disk_type": "PD_SSD",
                "edition": "ENTERPRISE",
                "insights_config": [],
                "ip_configuration": [
                  {
                    "allocated_ip_range": "",
                    "authorized_networks": [],
                    "enable_private_path_for_google_cloud_services": false,
                    "ipv4_enabled": true,
                    "private_network": "",
                    "psc_config": [],
                    "require_ssl": false,
                    "ssl_mode": ""
                  }
                ],
                "location_preference": [
                  {
                    "follow_gae_application": "",
                    "secondary_zone": "",
                    "zone": "europe-central2-c"
                  }
                ],
                "maintenance_window": [],
                "password_validation_policy": [],
                "pricing_plan": "PER_USE",
                "sql_server_audit_config": [],
                "tier": "db-custom-2-8192",
                "time_zone": "",
                "user_labels": {},
                "version": 6
              }
            ],
            "timeouts": null
          },
          "sensitive_attributes": [],
          "private": "eyJlMmJmYjczMC1lY2FhLTExZTYtOGY4OC0zNDM2M2JjN2M0YzAiOnsiY3JlYXRlIjoyNDAwMDAwMDAwMDAwLCJkZWxldGUiOjE4MDAwMDAwMDAwMDAsInVwZGF0ZSI6MTgwMDAwMDAwMDAwMH19"
        }
      ]
    }
  ],
  "check_results": null
}
